{
  "originHash" : "e8982fbd08ecbed013ea9b6fb8985cff54d6c3aac985e10773fe8a577527a7f5",
  "pins" : [
    {
      "identity" : "swift-argument-parser",
      "kind" : "remoteSourceControl",
      "location" : "https://github.com/apple/swift-argument-parser",
      "state" : {
        "revision" : "ca37474853a4b5f59a22c74bfdd449b1f6bc4cc2",
        "version" : "1.8.1"
      }
    }
  ],
  "version" : 3
}
